
Microsoft Visual Studio Solution File, Format Version 12.00
# Visual Studio Version 17
VisualStudioVersion = 17.11.35222.181
MinimumVisualStudioVersion = 10.0.40219.1
Project("{8BC9CEB8-8B4A-11D0-8D11-00A0C91BC942}") = "inject", "inject\inject.vcxproj", "{C921CD0A-7FD6-4414-B984-FA6CDF882EBE}"
EndProject
Global
	GlobalSection(SolutionConfigurationPlatforms) = preSolution
		Debug|x64 = Debug|x64
		Debug|x86 = Debug|x86
		Release|x64 = Release|x64
		Release|x86 = Release|x86
	EndGlobalSection
	GlobalSection(ProjectConfigurationPlatforms) = postSolution
		{C921CD0A-7FD6-4414-B984-FA6CDF882EBE}.Debug|x64.ActiveCfg = Debug|x64
		{C921CD0A-7FD6-4414-B984-FA6CDF882EBE}.Debug|x64.Build.0 = Debug|x64
		{C921CD0A-7FD6-4414-B984-FA6CDF882EBE}.Debug|x86.ActiveCfg = Debug|Win32
		{C921CD0A-7FD6-4414-B984-FA6CDF882EBE}.Debug|x86.Build.0 = Debug|Win32
		{C921CD0A-7FD6-4414-B984-FA6CDF882EBE}.Release|x64.ActiveCfg = Release|x64
		{C921CD0A-7FD6-4414-B984-FA6CDF882EBE}.Release|x64.Build.0 = Release|x64
		{C921CD0A-7FD6-4414-B984-FA6CDF882EBE}.Release|x86.ActiveCfg = Release|Win32
		{C921CD0A-7FD6-4414-B984-FA6CDF882EBE}.Release|x86.Build.0 = Release|Win32
	EndGlobalSection
	GlobalSection(SolutionProperties) = preSolution
		HideSolutionNode = FALSE
	EndGlobalSection
	GlobalSection(ExtensibilityGlobals) = postSolution
		SolutionGuid = {ABC99F19-0A93-412C-B3C0-84BA89C092BB}
	EndGlobalSection
EndGlobal
